// !$*UTF8*$!
{
	archiveVersion = 1;
	classes = {
	};
	objectVersion = 56;
	objects = {

/* Begin PBXBuildFile section */
		0E4F62E8291AD4CB00F36167 /* RealmModel.swift in Sources */ = {isa = PBXBuildFile; fileRef = 0E4F62E7291AD4CB00F36167 /* RealmModel.swift */; };
		0E4F62EB291ADFB300F36167 /* Realm in Frameworks */ = {isa = PBXBuildFile; productRef = 0E4F62EA291ADFB300F36167 /* Realm */; };
		0E4F62ED291ADFB300F36167 /* RealmSwift in Frameworks */ = {isa = PBXBuildFile; productRef = 0E4F62EC291ADFB300F36167 /* RealmSwift */; };
		0E4F62EE291AE53700F36167 /* ViewController.swift in Sources */ = {isa = PBXBuildFile; fileRef = 0E5095A62919533D0038B429 /* ViewController.swift */; };
		0E5095A32919533D0038B429 /* AppDelegate.swift in Sources */ = {isa = PBXBuildFile; fileRef = 0E5095A22919533D0038B429 /* AppDelegate.swift */; };
		0E5095A52919533D0038B429 /* SceneDelegate.swift in Sources */ = {isa = PBXBuildFile; fileRef = 0E5095A42919533D0038B429 /* SceneDelegate.swift */; };
		0E5095AA2919533D0038B429 /* Main.storyboard in Resources */ = {isa = PBXBuildFile; fileRef = 0E5095A82919533D0038B429 /* Main.storyboard */; };
		0E5095AC2919533F0038B429 /* Assets.xcassets in Resources */ = {isa = PBXBuildFile; fileRef = 0E5095AB2919533F0038B429 /* Assets.xcassets */; };
		0E5095AF2919533F0038B429 /* LaunchScreen.storyboard in Resources */ = {isa = PBXBuildFile; fileRef = 0E5095AD2919533F0038B429 /* LaunchScreen.storyboard */; };
/* End PBXBuildFile section */

/* Begin PBXFileReference section */
		0E4F62E7291AD4CB00F36167 /* RealmModel.swift */ = {isa = PBXFileReference; lastKnownFileType = sourcecode.swift; path = RealmModel.swift; sourceTree = "<group>"; };
		0E50959F2919533D0038B429 /* RealmThreadingExample.app */ = {isa = PBXFileReference; explicitFileType = wrapper.application; includeInIndex = 0; path = RealmThreadingExample.app; sourceTree = BUILT_PRODUCTS_DIR; };
		0E5095A22919533D0038B429 /* AppDelegate.swift */ = {isa = PBXFileReference; lastKnownFileType = sourcecode.swift; path = AppDelegate.swift; sourceTree = "<group>"; };
		0E5095A42919533D0038B429 /* SceneDelegate.swift */ = {isa = PBXFileReference; lastKnownFileType = sourcecode.swift; path = SceneDelegate.swift; sourceTree = "<group>"; };
		0E5095A62919533D0038B429 /* ViewController.swift */ = {isa = PBXFileReference; lastKnownFileType = sourcecode.swift; path = ViewController.swift; sourceTree = "<group>"; };
		0E5095A92919533D0038B429 /* Base */ = {isa = PBXFileReference; lastKnownFileType = file.storyboard; name = Base; path = Base.lproj/Main.storyboard; sourceTree = "<group>"; };
		0E5095AB2919533F0038B429 /* Assets.xcassets */ = {isa = PBXFileReference; lastKnownFileType = folder.assetcatalog; path = Assets.xcassets; sourceTree = "<group>"; };
		0E5095AE2919533F0038B429 /* Base */ = {isa = PBXFileReference; lastKnownFileType = file.storyboard; name = Base; path = Base.lproj/LaunchScreen.storyboard; sourceTree = "<group>"; };
		0E5095B02919533F0038B429 /* Info.plist */ = {isa = PBXFileReference; lastKnownFileType = text.plist.xml; path = Info.plist; sourceTree = "<group>"; };
/* End PBXFileReference section */

/* Begin PBXFrameworksBuildPhase section */
		0E50959C2919533D0038B429 /* Frameworks */ = {
			isa = PBXFrameworksBuildPhase;
			buildActionMask = 2147483647;
			files = (
				0E4F62ED291ADFB300F36167 /* RealmSwift in Frameworks */,
				0E4F62EB291ADFB300F36167 /* Realm in Frameworks */,
			);
			runOnlyForDeploymentPostprocessing = 0;
		};
/* End PBXFrameworksBuildPhase section */

/* Begin PBXGroup section */
		0E5095962919533D0038B429 = {
			isa = PBXGroup;
			children = (
				0E5095A12919533D0038B429 /* RealmThreadingExample */,
				0E5095A02919533D0038B429 /* Products */,
			);
			sourceTree = "<group>";
		};
		0E5095A02919533D0038B429 /* Products */ = {
			isa = PBXGroup;
			children = (
				0E50959F2919533D0038B429 /* RealmThreadingExample.app */,
			);
			name = Products;
			sourceTree = "<group>";
		};
		0E5095A12919533D0038B429 /* RealmThreadingExample */ = {
			isa = PBXGroup;
			children = (
				0E5095A22919533D0038B429 /* AppDelegate.swift */,
				0E5095A42919533D0038B429 /* SceneDelegate.swift */,
				0E5095A62919533D0038B429 /* ViewController.swift */,
				0E4F62E7291AD4CB00F36167 /* RealmModel.swift */,
				0E5095A82919533D0038B429 /* Main.storyboard */,
				0E5095AB2919533F0038B429 /* Assets.xcassets */,
				0E5095AD2919533F0038B429 /* LaunchScreen.storyboard */,
				0E5095B02919533F0038B429 /* Info.plist */,
			);
			path = RealmThreadingExample;
			sourceTree = "<group>";
		};
/* End PBXGroup section */

/* Begin PBXNativeTarget section */
		0E50959E2919533D0038B429 /* RealmThreadingExample */ = {
			isa = PBXNativeTarget;
			buildConfigurationList = 0E5095B32919533F0038B429 /* Build configuration list for PBXNativeTarget "RealmThreadingExample" */;
			buildPhases = (
				0E50959B2919533D0038B429 /* Sources */,
				0E50959C2919533D0038B429 /* Frameworks */,
				0E50959D2919533D0038B429 /* Resources */,
			);
			buildRules = (
			);
			dependencies = (
			);
			name = RealmThreadingExample;
			packageProductDependencies = (
				0E4F62EA291ADFB300F36167 /* Realm */,
				0E4F62EC291ADFB300F36167 /* RealmSwift */,
			);
			productName = RealmThreadingExample;
			productReference = 0E50959F2919533D0038B429 /* RealmThreadingExample.app */;
			productType = "com.apple.product-type.application";
		};
/* End PBXNativeTarget section */

/* Begin PBXProject section */
		0E5095972919533D0038B429 /* Project object */ = {
			isa = PBXProject;
			attributes = {
				BuildIndependentTargetsInParallel = 1;
				LastSwiftUpdateCheck = 1410;
				LastUpgradeCheck = 1410;
				TargetAttributes = {
					0E50959E2919533D0038B429 = {
						CreatedOnToolsVersion = 14.1;
					};
				};
			};
			buildConfigurationList = 0E50959A2919533D0038B429 /* Build configuration list for PBXProject "RealmThreadingExample" */;
			compatibilityVersion = "Xcode 14.0";
			developmentRegion = en;
			hasScannedForEncodings = 0;
			knownRegions = (
				en,
				Base,
			);
			mainGroup = 0E5095962919533D0038B429;
			packageReferences = (
				0E4F62E9291ADFB300F36167 /* XCRemoteSwiftPackageReference "realm-swift" */,
			);
			productRefGroup = 0E5095A02919533D0038B429 /* Products */;
			projectDirPath = "";
			projectRoot = "";
			targets = (
				0E50959E2919533D0038B429 /* RealmThreadingExample */,
			);
		};
/* End PBXProject section */

/* Begin PBXResourcesBuildPhase section */
		0E50959D2919533D0038B429 /* Resources */ = {
			isa = PBXResourcesBuildPhase;
			buildActionMask = 2147483647;
			files = (
				0E5095AF2919533F0038B429 /* LaunchScreen.storyboard in Resources */,
				0E5095AC2919533F0038B429 /* Assets.xcassets in Resources */,
				0E5095AA2919533D0038B429 /* Main.storyboard in Resources */,
			);
			runOnlyForDeploymentPostprocessing = 0;
		};
/* End PBXResourcesBuildPhase section */

/* Begin PBXSourcesBuildPhase section */
		0E50959B2919533D0038B429 /* Sources */ = {
			isa = PBXSourcesBuildPhase;
			buildActionMask = 2147483647;
			files = (
				0E4F62E8291AD4CB00F36167 /* RealmModel.swift in Sources */,
				0E5095A32919533D0038B429 /* AppDelegate.swift in Sources */,
				0E4F62EE291AE53700F36167 /* ViewController.swift in Sources */,
				0E5095A52919533D0038B429 /* SceneDelegate.swift in Sources */,
			);
			runOnlyForDeploymentPostprocessing = 0;
		};
/* End PBXSourcesBuildPhase section */

/* Begin PBXVariantGroup section */
		0E5095A82919533D0038B429 /* Main.storyboard */ = {
			isa = PBXVariantGroup;
			children = (
				0E5095A92919533D0038B429 /* Base */,
			);
			name = Main.storyboard;
			sourceTree = "<group>";
		};
		0E5095AD2919533F0038B429 /* LaunchScreen.storyboard */ = {
			isa = PBXVariantGroup;
			children = (
				0E5095AE2919533F0038B429 /* Base */,
			);
			name = LaunchScreen.storyboard;
			sourceTree = "<group>";
		};
/* End PBXVariantGroup section */

/* Begin XCBuildConfiguration section */
		0E5095B12919533F0038B429 /* Debug */ = {
			isa = XCBuildConfiguration;
			buildSettings = {
				ALWAYS_SEARCH_USER_PATHS = NO;
				CLANG_ANALYZER_NONNULL = YES;
				CLANG_ANALYZER_NUMBER_OBJECT_CONVERSION = YES_AGGRESSIVE;
				CLANG_CXX_LANGUAGE_STANDARD = "gnu++20";
				CLANG_ENABLE_MODULES = YES;
				CLANG_ENABLE_OBJC_ARC = YES;
				CLANG_ENABLE_OBJC_WEAK = YES;
				CLANG_WARN_BLOCK_CAPTURE_AUTORELEASING = YES;
				CLANG_WARN_BOOL_CONVERSION = YES;
				CLANG_WARN_COMMA = YES;
				CLANG_WARN_CONSTANT_CONVERSION = YES;
				CLANG_WARN_DEPRECATED_OBJC_IMPLEMENTATIONS = YES;
				CLANG_WARN_DIRECT_OBJC_ISA_USAGE = YES_ERROR;
				CLANG_WARN_DOCUMENTATION_COMMENTS = YES;
				CLANG_WARN_EMPTY_BODY = YES;
				CLANG_WARN_ENUM_CONVERSION = YES;
				CLANG_WARN_INFINITE_RECURSION = YES;
				CLANG_WARN_INT_CONVERSION = YES;
				CLANG_WARN_NON_LITERAL_NULL_CONVERSION = YES;
				CLANG_WARN_OBJC_IMPLICIT_RETAIN_SELF = YES;
				CLANG_WARN_OBJC_LITERAL_CONVERSION = YES;
				CLANG_WARN_OBJC_ROOT_CLASS = YES_ERROR;
				CLANG_WARN_QUOTED_INCLUDE_IN_FRAMEWORK_HEADER = YES;
				CLANG_WARN_RANGE_LOOP_ANALYSIS = YES;
				CLANG_WARN_STRICT_PROTOTYPES = YES;
				CLANG_WARN_SUSPICIOUS_MOVE = YES;
				CLANG_WARN_UNGUARDED_AVAILABILITY = YES_AGGRESSIVE;
				CLANG_WARN_UNREACHABLE_CODE = YES;
				CLANG_WARN__DUPLICATE_METHOD_MATCH = YES;
				COPY_PHASE_STRIP = NO;
				DEBUG_INFORMATION_FORMAT = dwarf;
				ENABLE_STRICT_OBJC_MSGSEND = YES;
				ENABLE_TESTABILITY = YES;
				GCC_C_LANGUAGE_STANDARD = gnu11;
				GCC_DYNAMIC_NO_PIC = NO;
				GCC_NO_COMMON_BLOCKS = YES;
				GCC_OPTIMIZATION_LEVEL = 0;
				GCC_PREPROCESSOR_DEFINITIONS = (
					"DEBUG=1",
					"$(inherited)",
				);
				GCC_WARN_64_TO_32_BIT_CONVERSION = YES;
				GCC_WARN_ABOUT_RETURN_TYPE = YES_ERROR;
				GCC_WARN_UNDECLARED_SELECTOR = YES;
				GCC_WARN_UNINITIALIZED_AUTOS = YES_AGGRESSIVE;
				GCC_WARN_UNUSED_FUNCTION = YES;
				GCC_WARN_UNUSED_VARIABLE = YES;
				IPHONEOS_DEPLOYMENT_TARGET = 16.1;
				MTL_ENABLE_DEBUG_INFO = INCLUDE_SOURCE;
				MTL_FAST_MATH = YES;
				ONLY_ACTIVE_ARCH = YES;
				SDKROOT = iphoneos;
				SWIFT_ACTIVE_COMPILATION_CONDITIONS = DEBUG;
				SWIFT_OPTIMIZATION_LEVEL = "-Onone";
			};
			name = Debug;
		};
		0E5095B22919533F0038B429 /* Release */ = {
			isa = XCBuildConfiguration;
			buildSettings = {
				ALWAYS_SEARCH_USER_PATHS = NO;
				CLANG_ANALYZER_NONNULL = YES;
				CLANG_ANALYZER_NUMBER_OBJECT_CONVERSION = YES_AGGRESSIVE;
				CLANG_CXX_LANGUAGE_STANDARD = "gnu++20";
				CLANG_ENABLE_MODULES = YES;
				CLANG_ENABLE_OBJC_ARC = YES;
				CLANG_ENABLE_OBJC_WEAK = YES;
				CLANG_WARN_BLOCK_CAPTURE_AUTORELEASING = YES;
				CLANG_WARN_BOOL_CONVERSION = YES;
				CLANG_WARN_COMMA = YES;
				CLANG_WARN_CONSTANT_CONVERSION = YES;
				CLANG_WARN_DEPRECATED_OBJC_IMPLEMENTATIONS = YES;
				CLANG_WARN_DIRECT_OBJC_ISA_USAGE = YES_ERROR;
				CLANG_WARN_DOCUMENTATION_COMMENTS = YES;
				CLANG_WARN_EMPTY_BODY = YES;
				CLANG_WARN_ENUM_CONVERSION = YES;
				CLANG_WARN_INFINITE_RECURSION = YES;
				CLANG_WARN_INT_CONVERSION = YES;
				CLANG_WARN_NON_LITERAL_NULL_CONVERSION = YES;
				CLANG_WARN_OBJC_IMPLICIT_RETAIN_SELF = YES;
				CLANG_WARN_OBJC_LITERAL_CONVERSION = YES;
				CLANG_WARN_OBJC_ROOT_CLASS = YES_ERROR;
				CLANG_WARN_QUOTED_INCLUDE_IN_FRAMEWORK_HEADER = YES;
				CLANG_WARN_RANGE_LOOP_ANALYSIS = YES;
				CLANG_WARN_STRICT_PROTOTYPES = YES;
				CLANG_WARN_SUSPICIOUS_MOVE = YES;
				CLANG_WARN_UNGUARDED_AVAILABILITY = YES_AGGRESSIVE;
				CLANG_WARN_UNREACHABLE_CODE = YES;
				CLANG_WARN__DUPLICATE_METHOD_MATCH = YES;
				COPY_PHASE_STRIP = NO;
				DEBUG_INFORMATION_FORMAT = "dwarf-with-dsym";
				ENABLE_NS_ASSERTIONS = NO;
				ENABLE_STRICT_OBJC_MSGSEND = YES;
				GCC_C_LANGUAGE_STANDARD = gnu11;
				GCC_NO_COMMON_BLOCKS = YES;
				GCC_WARN_64_TO_32_BIT_CONVERSION = YES;
				GCC_WARN_ABOUT_RETURN_TYPE = YES_ERROR;
				GCC_WARN_UNDECLARED_SELECTOR = YES;
				GCC_WARN_UNINITIALIZED_AUTOS = YES_AGGRESSIVE;
				GCC_WARN_UNUSED_FUNCTION = YES;
				GCC_WARN_UNUSED_VARIABLE = YES;
				IPHONEOS_DEPLOYMENT_TARGET = 16.1;
				MTL_ENABLE_DEBUG_INFO = NO;
				MTL_FAST_MATH = YES;
				SDKROOT = iphoneos;
				SWIFT_COMPILATION_MODE = wholemodule;
				SWIFT_OPTIMIZATION_LEVEL = "-O";
				VALIDATE_PRODUCT = YES;
			};
			name = Release;
		};
		0E5095B42919533F0038B429 /* Debug */ = {
			isa = XCBuildConfiguration;
			buildSettings = {
				ASSETCATALOG_COMPILER_APPICON_NAME = AppIcon;
				ASSETCATALOG_COMPILER_GLOBAL_ACCENT_COLOR_NAME = AccentColor;
				CODE_SIGN_STYLE = Automatic;
				CURRENT_PROJECT_VERSION = 1;
				DEVELOPMENT_TEAM = U8U4L6FXAF;
				GENERATE_INFOPLIST_FILE = YES;
				INFOPLIST_FILE = RealmThreadingExample/Info.plist;
				INFOPLIST_KEY_UIApplicationSupportsIndirectInputEvents = YES;
				INFOPLIST_KEY_UILaunchStoryboardName = LaunchScreen;
				INFOPLIST_KEY_UIMainStoryboardFile = Main;
				INFOPLIST_KEY_UISupportedInterfaceOrientations = UIInterfaceOrientationPortrait;
				IPHONEOS_DEPLOYMENT_TARGET = 15.0;
				LD_RUNPATH_SEARCH_PATHS = (
					"$(inherited)",
					"@executable_path/Frameworks",
				);
				MARKETING_VERSION = 1.0;
				PRODUCT_BUNDLE_IDENTIFIER = net.mhkang.RealmThreadingExample;
				PRODUCT_NAME = "$(TARGET_NAME)";
				SWIFT_EMIT_LOC_STRINGS = YES;
				SWIFT_VERSION = 5.0;
				TARGETED_DEVICE_FAMILY = "1,2";
			};
			name = Debug;
		};
		0E5095B52919533F0038B429 /* Release */ = {
			isa = XCBuildConfiguration;
			buildSettings = {
				ASSETCATALOG_COMPILER_APPICON_NAME = AppIcon;
				ASSETCATALOG_COMPILER_GLOBAL_ACCENT_COLOR_NAME = AccentColor;
				CODE_SIGN_STYLE = Automatic;
				CURRENT_PROJECT_VERSION = 1;
				DEVELOPMENT_TEAM = U8U4L6FXAF;
				GENERATE_INFOPLIST_FILE = YES;
				INFOPLIST_FILE = RealmThreadingExample/Info.plist;
				INFOPLIST_KEY_UIApplicationSupportsIndirectInputEvents = YES;
				INFOPLIST_KEY_UILaunchStoryboardName = LaunchScreen;
				INFOPLIST_KEY_UIMainStoryboardFile = Main;
				INFOPLIST_KEY_UISupportedInterfaceOrientations = UIInterfaceOrientationPortrait;
				IPHONEOS_DEPLOYMENT_TARGET = 15.0;
				LD_RUNPATH_SEARCH_PATHS = (
					"$(inherited)",
					"@executable_path/Frameworks",
				);
				MARKETING_VERSION = 1.0;
				PRODUCT_BUNDLE_IDENTIFIER = net.mhkang.RealmThreadingExample;
				PRODUCT_NAME = "$(TARGET_NAME)";
				SWIFT_EMIT_LOC_STRINGS = YES;
				SWIFT_VERSION = 5.0;
				TARGETED_DEVICE_FAMILY = "1,2";
			};
			name = Release;
		};
/* End XCBuildConfiguration section */

/* Begin XCConfigurationList section */
		0E50959A2919533D0038B429 /* Build configuration list for PBXProject "RealmThreadingExample" */ = {
			isa = XCConfigurationList;
			buildConfigurations = (
				0E5095B12919533F0038B429 /* Debug */,
				0E5095B22919533F0038B429 /* Release */,
			);
			defaultConfigurationIsVisible = 0;
			defaultConfigurationName = Release;
		};
		0E5095B32919533F0038B429 /* Build configuration list for PBXNativeTarget "RealmThreadingExample" */ = {
			isa = XCConfigurationList;
			buildConfigurations = (
				0E5095B42919533F0038B429 /* Debug */,
				0E5095B52919533F0038B429 /* Release */,
			);
			defaultConfigurationIsVisible = 0;
			defaultConfigurationName = Release;
		};
/* End XCConfigurationList section */

/* Begin XCRemoteSwiftPackageReference section */
		0E4F62E9291ADFB300F36167 /* XCRemoteSwiftPackageReference "realm-swift" */ = {
			isa = XCRemoteSwiftPackageReference;
			repositoryURL = "https://github.com/realm/realm-swift.git";
			requirement = {
				kind = exactVersion;
				version = 10.32.2;
			};
		};
/* End XCRemoteSwiftPackageReference section */

/* Begin XCSwiftPackageProductDependency section */
		0E4F62EA291ADFB300F36167 /* Realm */ = {
			isa = XCSwiftPackageProductDependency;
			package = 0E4F62E9291ADFB300F36167 /* XCRemoteSwiftPackageReference "realm-swift" */;
			productName = Realm;
		};
		0E4F62EC291ADFB300F36167 /* RealmSwift */ = {
			isa = XCSwiftPackageProductDependency;
			package = 0E4F62E9291ADFB300F36167 /* XCRemoteSwiftPackageReference "realm-swift" */;
			productName = RealmSwift;
		};
/* End XCSwiftPackageProductDependency section */
	};
	rootObject = 0E5095972919533D0038B429 /* Project object */;
}
